
Microsoft Visual Studio Solution File, Format Version 12.00
# Visual Studio 15
VisualStudioVersion = 15.0.26430.12
MinimumVisualStudioVersion = 10.0.40219.1
Project("{FAE04EC0-301F-11D3-BF4B-00C04F79EFBC}") = "Appcucidarah", "Appcucidarah\Appcucidarah.csproj", "{D6683EE8-789E-44D4-AA5E-C1F15DB464EA}"
EndProject
Project("{FAE04EC0-301F-11D3-BF4B-00C04F79EFBC}") = "OcphSMSLib", "..\..\..\Project Tools\OcphSMSLIB\OcphSMSLib\OcphSMSLib.csproj", "{31FE0F53-5D32-454F-B40A-AD09E6F3EDB1}"
EndProject
Project("{FAE04EC0-301F-11D3-BF4B-00C04F79EFBC}") = "AppcucidarahTests", "AppcucidarahTests\AppcucidarahTests.csproj", "{61B01D1D-1D1E-43B1-95C4-99051D10C7DD}"
EndProject
Global
	GlobalSection(SolutionConfigurationPlatforms) = preSolution
		Debug|Any CPU = Debug|Any CPU
		Release|Any CPU = Release|Any CPU
	EndGlobalSection
	GlobalSection(ProjectConfigurationPlatforms) = postSolution
		{D6683EE8-789E-44D4-AA5E-C1F15DB464EA}.Debug|Any CPU.ActiveCfg = Debug|Any CPU
		{D6683EE8-789E-44D4-AA5E-C1F15DB464EA}.Debug|Any CPU.Build.0 = Debug|Any CPU
		{D6683EE8-789E-44D4-AA5E-C1F15DB464EA}.Release|Any CPU.ActiveCfg = Release|Any CPU
		{D6683EE8-789E-44D4-AA5E-C1F15DB464EA}.Release|Any CPU.Build.0 = Release|Any CPU
		{31FE0F53-5D32-454F-B40A-AD09E6F3EDB1}.Debug|Any CPU.ActiveCfg = Debug|Any CPU
		{31FE0F53-5D32-454F-B40A-AD09E6F3EDB1}.Debug|Any CPU.Build.0 = Debug|Any CPU
		{31FE0F53-5D32-454F-B40A-AD09E6F3EDB1}.Release|Any CPU.ActiveCfg = Release|Any CPU
		{31FE0F53-5D32-454F-B40A-AD09E6F3EDB1}.Release|Any CPU.Build.0 = Release|Any CPU
		{61B01D1D-1D1E-43B1-95C4-99051D10C7DD}.Debug|Any CPU.ActiveCfg = Debug|Any CPU
		{61B01D1D-1D1E-43B1-95C4-99051D10C7DD}.Debug|Any CPU.Build.0 = Debug|Any CPU
		{61B01D1D-1D1E-43B1-95C4-99051D10C7DD}.Release|Any CPU.ActiveCfg = Release|Any CPU
		{61B01D1D-1D1E-43B1-95C4-99051D10C7DD}.Release|Any CPU.Build.0 = Release|Any CPU
	EndGlobalSection
	GlobalSection(SolutionProperties) = preSolution
		HideSolutionNode = FALSE
	EndGlobalSection
EndGlobal
